Microsoft Visual Studio Solution File, Format Version 12.00
# Visual Studio 16
Project("{2150E333-8FDC-42A3-9474-1A3956D46DE8}") = "CMakePredefinedTargets", "CMakePredefinedTargets", "{C83CD24E-DC62-30E9-BDC5-C39DBAD72EC6}"
EndProject
Project("{2150E333-8FDC-42A3-9474-1A3956D46DE8}") = "GLFW3", "GLFW3", "{362B5B3E-B193-38C7-B036-A8081054E33C}"
EndProject
Project("{8BC9CEB8-8B4A-11D0-8D11-00A0C91BC942}") = "ALL_BUILD", "ALL_BUILD.vcxproj", "{0C4FD86C-7130-392B-9122-64E052DA2C77}"
	ProjectSection(ProjectDependencies) = postProject
		{75E492FE-7444-3548-B0C8-1754E34A6EC4} = {75E492FE-7444-3548-B0C8-1754E34A6EC4}
		{7836F134-C7E5-3CAC-A202-163A5E08D7E3} = {7836F134-C7E5-3CAC-A202-163A5E08D7E3}
	EndProjectSection
EndProject
Project("{8BC9CEB8-8B4A-11D0-8D11-00A0C91BC942}") = "ZERO_CHECK", "..\\ZERO_CHECK.vcxproj", "{75E492FE-7444-3548-B0C8-1754E34A6EC4}"
	ProjectSection(ProjectDependencies) = postProject
	EndProjectSection
EndProject
Project("{8BC9CEB8-8B4A-11D0-8D11-00A0C91BC942}") = "glad", "..\glad\glad.vcxproj", "{44451429-BBE0-346E-B6CF-41471BC6C440}"
	ProjectSection(ProjectDependencies) = postProject
		{75E492FE-7444-3548-B0C8-1754E34A6EC4} = {75E492FE-7444-3548-B0C8-1754E34A6EC4}
	EndProjectSection
EndProject
Project("{8BC9CEB8-8B4A-11D0-8D11-00A0C91BC942}") = "glfw", "..\glfw\src\glfw.vcxproj", "{67CFF578-3456-32AA-922E-7D49303CB87E}"
	ProjectSection(ProjectDependencies) = postProject
		{75E492FE-7444-3548-B0C8-1754E34A6EC4} = {75E492FE-7444-3548-B0C8-1754E34A6EC4}
	EndProjectSection
EndProject
Project("{8BC9CEB8-8B4A-11D0-8D11-00A0C91BC942}") = "igl", "..\\igl.vcxproj", "{73134C73-798F-3B25-9150-70E644D3F85E}"
	ProjectSection(ProjectDependencies) = postProject
		{75E492FE-7444-3548-B0C8-1754E34A6EC4} = {75E492FE-7444-3548-B0C8-1754E34A6EC4}
	EndProjectSection
EndProject
Project("{8BC9CEB8-8B4A-11D0-8D11-00A0C91BC942}") = "igl_opengl", "..\\igl_opengl.vcxproj", "{0185917A-1412-3079-9C54-A082D81BFE29}"
	ProjectSection(ProjectDependencies) = postProject
		{75E492FE-7444-3548-B0C8-1754E34A6EC4} = {75E492FE-7444-3548-B0C8-1754E34A6EC4}
		{44451429-BBE0-346E-B6CF-41471BC6C440} = {44451429-BBE0-346E-B6CF-41471BC6C440}
		{73134C73-798F-3B25-9150-70E644D3F85E} = {73134C73-798F-3B25-9150-70E644D3F85E}
	EndProjectSection
EndProject
Project("{8BC9CEB8-8B4A-11D0-8D11-00A0C91BC942}") = "igl_opengl_glfw", "..\\igl_opengl_glfw.vcxproj", "{B3385F21-07FE-30B0-BE4F-40CDEDBBD50C}"
	ProjectSection(ProjectDependencies) = postProject
		{75E492FE-7444-3548-B0C8-1754E34A6EC4} = {75E492FE-7444-3548-B0C8-1754E34A6EC4}
		{44451429-BBE0-346E-B6CF-41471BC6C440} = {44451429-BBE0-346E-B6CF-41471BC6C440}
		{67CFF578-3456-32AA-922E-7D49303CB87E} = {67CFF578-3456-32AA-922E-7D49303CB87E}
		{73134C73-798F-3B25-9150-70E644D3F85E} = {73134C73-798F-3B25-9150-70E644D3F85E}
		{0185917A-1412-3079-9C54-A082D81BFE29} = {0185917A-1412-3079-9C54-A082D81BFE29}
	EndProjectSection
EndProject
Project("{8BC9CEB8-8B4A-11D0-8D11-00A0C91BC942}") = "sandBox_bin", "sandBox\sandBox_bin.vcxproj", "{7836F134-C7E5-3CAC-A202-163A5E08D7E3}"
	ProjectSection(ProjectDependencies) = postProject
		{75E492FE-7444-3548-B0C8-1754E34A6EC4} = {75E492FE-7444-3548-B0C8-1754E34A6EC4}
		{44451429-BBE0-346E-B6CF-41471BC6C440} = {44451429-BBE0-346E-B6CF-41471BC6C440}
		{67CFF578-3456-32AA-922E-7D49303CB87E} = {67CFF578-3456-32AA-922E-7D49303CB87E}
		{73134C73-798F-3B25-9150-70E644D3F85E} = {73134C73-798F-3B25-9150-70E644D3F85E}
		{0185917A-1412-3079-9C54-A082D81BFE29} = {0185917A-1412-3079-9C54-A082D81BFE29}
		{B3385F21-07FE-30B0-BE4F-40CDEDBBD50C} = {B3385F21-07FE-30B0-BE4F-40CDEDBBD50C}
	EndProjectSection
EndProject
Global
	GlobalSection(SolutionConfigurationPlatforms) = preSolution
		Debug|x64 = Debug|x64
		Release|x64 = Release|x64
		MinSizeRel|x64 = MinSizeRel|x64
		RelWithDebInfo|x64 = RelWithDebInfo|x64
	EndGlobalSection
	GlobalSection(ProjectConfigurationPlatforms) = postSolution
		{0C4FD86C-7130-392B-9122-64E052DA2C77}.Debug|x64.ActiveCfg = Debug|x64
		{0C4FD86C-7130-392B-9122-64E052DA2C77}.Release|x64.ActiveCfg = Release|x64
		{0C4FD86C-7130-392B-9122-64E052DA2C77}.MinSizeRel|x64.ActiveCfg = MinSizeRel|x64
		{0C4FD86C-7130-392B-9122-64E052DA2C77}.RelWithDebInfo|x64.ActiveCfg = RelWithDebInfo|x64
		{75E492FE-7444-3548-B0C8-1754E34A6EC4}.Debug|x64.ActiveCfg = Debug|x64
		{75E492FE-7444-3548-B0C8-1754E34A6EC4}.Debug|x64.Build.0 = Debug|x64
		{75E492FE-7444-3548-B0C8-1754E34A6EC4}.Release|x64.ActiveCfg = Release|x64
		{75E492FE-7444-3548-B0C8-1754E34A6EC4}.Release|x64.Build.0 = Release|x64
		{75E492FE-7444-3548-B0C8-1754E34A6EC4}.MinSizeRel|x64.ActiveCfg = MinSizeRel|x64
		{75E492FE-7444-3548-B0C8-1754E34A6EC4}.MinSizeRel|x64.Build.0 = MinSizeRel|x64
		{75E492FE-7444-3548-B0C8-1754E34A6EC4}.RelWithDebInfo|x64.ActiveCfg = RelWithDebInfo|x64
		{75E492FE-7444-3548-B0C8-1754E34A6EC4}.RelWithDebInfo|x64.Build.0 = RelWithDebInfo|x64
		{44451429-BBE0-346E-B6CF-41471BC6C440}.Debug|x64.ActiveCfg = Debug|x64
		{44451429-BBE0-346E-B6CF-41471BC6C440}.Debug|x64.Build.0 = Debug|x64
		{44451429-BBE0-346E-B6CF-41471BC6C440}.Release|x64.ActiveCfg = Release|x64
		{44451429-BBE0-346E-B6CF-41471BC6C440}.Release|x64.Build.0 = Release|x64
		{44451429-BBE0-346E-B6CF-41471BC6C440}.MinSizeRel|x64.ActiveCfg = MinSizeRel|x64
		{44451429-BBE0-346E-B6CF-41471BC6C440}.MinSizeRel|x64.Build.0 = MinSizeRel|x64
		{44451429-BBE0-346E-B6CF-41471BC6C440}.RelWithDebInfo|x64.ActiveCfg = RelWithDebInfo|x64
		{44451429-BBE0-346E-B6CF-41471BC6C440}.RelWithDebInfo|x64.Build.0 = RelWithDebInfo|x64
		{67CFF578-3456-32AA-922E-7D49303CB87E}.Debug|x64.ActiveCfg = Debug|x64
		{67CFF578-3456-32AA-922E-7D49303CB87E}.Debug|x64.Build.0 = Debug|x64
		{67CFF578-3456-32AA-922E-7D49303CB87E}.Release|x64.ActiveCfg = Release|x64
		{67CFF578-3456-32AA-922E-7D49303CB87E}.Release|x64.Build.0 = Release|x64
		{67CFF578-3456-32AA-922E-7D49303CB87E}.MinSizeRel|x64.ActiveCfg = MinSizeRel|x64
		{67CFF578-3456-32AA-922E-7D49303CB87E}.MinSizeRel|x64.Build.0 = MinSizeRel|x64
		{67CFF578-3456-32AA-922E-7D49303CB87E}.RelWithDebInfo|x64.ActiveCfg = RelWithDebInfo|x64
		{67CFF578-3456-32AA-922E-7D49303CB87E}.RelWithDebInfo|x64.Build.0 = RelWithDebInfo|x64
		{73134C73-798F-3B25-9150-70E644D3F85E}.Debug|x64.ActiveCfg = Debug|x64
		{73134C73-798F-3B25-9150-70E644D3F85E}.Debug|x64.Build.0 = Debug|x64
		{73134C73-798F-3B25-9150-70E644D3F85E}.Release|x64.ActiveCfg = Release|x64
		{73134C73-798F-3B25-9150-70E644D3F85E}.Release|x64.Build.0 = Release|x64
		{73134C73-798F-3B25-9150-70E644D3F85E}.MinSizeRel|x64.ActiveCfg = MinSizeRel|x64
		{73134C73-798F-3B25-9150-70E644D3F85E}.MinSizeRel|x64.Build.0 = MinSizeRel|x64
		{73134C73-798F-3B25-9150-70E644D3F85E}.RelWithDebInfo|x64.ActiveCfg = RelWithDebInfo|x64
		{73134C73-798F-3B25-9150-70E644D3F85E}.RelWithDebInfo|x64.Build.0 = RelWithDebInfo|x64
		{0185917A-1412-3079-9C54-A082D81BFE29}.Debug|x64.ActiveCfg = Debug|x64
		{0185917A-1412-3079-9C54-A082D81BFE29}.Debug|x64.Build.0 = Debug|x64
		{0185917A-1412-3079-9C54-A082D81BFE29}.Release|x64.ActiveCfg = Release|x64
		{0185917A-1412-3079-9C54-A082D81BFE29}.Release|x64.Build.0 = Release|x64
		{0185917A-1412-3079-9C54-A082D81BFE29}.MinSizeRel|x64.ActiveCfg = MinSizeRel|x64
		{0185917A-1412-3079-9C54-A082D81BFE29}.MinSizeRel|x64.Build.0 = MinSizeRel|x64
		{0185917A-1412-3079-9C54-A082D81BFE29}.RelWithDebInfo|x64.ActiveCfg = RelWithDebInfo|x64
		{0185917A-1412-3079-9C54-A082D81BFE29}.RelWithDebInfo|x64.Build.0 = RelWithDebInfo|x64
		{B3385F21-07FE-30B0-BE4F-40CDEDBBD50C}.Debug|x64.ActiveCfg = Debug|x64
		{B3385F21-07FE-30B0-BE4F-40CDEDBBD50C}.Debug|x64.Build.0 = Debug|x64
		{B3385F21-07FE-30B0-BE4F-40CDEDBBD50C}.Release|x64.ActiveCfg = Release|x64
		{B3385F21-07FE-30B0-BE4F-40CDEDBBD50C}.Release|x64.Build.0 = Release|x64
		{B3385F21-07FE-30B0-BE4F-40CDEDBBD50C}.MinSizeRel|x64.ActiveCfg = MinSizeRel|x64
		{B3385F21-07FE-30B0-BE4F-40CDEDBBD50C}.MinSizeRel|x64.Build.0 = MinSizeRel|x64
		{B3385F21-07FE-30B0-BE4F-40CDEDBBD50C}.RelWithDebInfo|x64.ActiveCfg = RelWithDebInfo|x64
		{B3385F21-07FE-30B0-BE4F-40CDEDBBD50C}.RelWithDebInfo|x64.Build.0 = RelWithDebInfo|x64
		{7836F134-C7E5-3CAC-A202-163A5E08D7E3}.Debug|x64.ActiveCfg = Debug|x64
		{7836F134-C7E5-3CAC-A202-163A5E08D7E3}.Debug|x64.Build.0 = Debug|x64
		{7836F134-C7E5-3CAC-A202-163A5E08D7E3}.Release|x64.ActiveCfg = Release|x64
		{7836F134-C7E5-3CAC-A202-163A5E08D7E3}.Release|x64.Build.0 = Release|x64
		{7836F134-C7E5-3CAC-A202-163A5E08D7E3}.MinSizeRel|x64.ActiveCfg = MinSizeRel|x64
		{7836F134-C7E5-3CAC-A202-163A5E08D7E3}.MinSizeRel|x64.Build.0 = MinSizeRel|x64
		{7836F134-C7E5-3CAC-A202-163A5E08D7E3}.RelWithDebInfo|x64.ActiveCfg = RelWithDebInfo|x64
		{7836F134-C7E5-3CAC-A202-163A5E08D7E3}.RelWithDebInfo|x64.Build.0 = RelWithDebInfo|x64
	EndGlobalSection
	GlobalSection(NestedProjects) = preSolution
		{0C4FD86C-7130-392B-9122-64E052DA2C77} = {C83CD24E-DC62-30E9-BDC5-C39DBAD72EC6}
		{75E492FE-7444-3548-B0C8-1754E34A6EC4} = {C83CD24E-DC62-30E9-BDC5-C39DBAD72EC6}
		{67CFF578-3456-32AA-922E-7D49303CB87E} = {362B5B3E-B193-38C7-B036-A8081054E33C}
	EndGlobalSection
	GlobalSection(ExtensibilityGlobals) = postSolution
		SolutionGuid = {84BBEA80-8D23-363C-BDF1-63E92A907314}
	EndGlobalSection
	GlobalSection(ExtensibilityAddIns) = postSolution
	EndGlobalSection
EndGlobal
